{
  "version": 4,
  "terraform_version": "1.5.2",
  "serial": 7,
  "lineage": "a8fd0fc2-d635-ca5e-886d-d80439518901",
  "outputs": {
    "IP": {
      "value": "34.222.123.149",
      "type": "string"
    }
  },
  "resources": [
    {
      "module": "module.aws-dev",
      "mode": "managed",
      "type": "aws_instance",
      "name": "app_server",
      "provider": "module.aws-dev.provider[\"registry.terraform.io/hashicorp/aws\"]",
      "instances": [
        {
          "schema_version": 1,
          "attributes": {
            "ami": "ami-03d5c68bab01f3496",
            "arn": "arn:aws:ec2:us-west-2:938263039623:instance/i-0e590ed818ad215e3",
            "associate_public_ip_address": true,
            "availability_zone": "us-west-2a",
            "capacity_reservation_specification": [
              {
                "capacity_reservation_preference": "open",
                "capacity_reservation_target": []
              }
            ],
            "cpu_core_count": 1,
            "cpu_threads_per_core": 1,
            "credit_specification": [
              {
                "cpu_credits": "standard"
              }
            ],
            "disable_api_termination": false,
            "ebs_block_device": [],
            "ebs_optimized": false,
            "enclave_options": [
              {
                "enabled": false
              }
            ],
            "ephemeral_block_device": [],
            "get_password_data": false,
            "hibernation": false,
            "host_id": null,
            "iam_instance_profile": "",
            "id": "i-0e590ed818ad215e3",
            "instance_initiated_shutdown_behavior": "stop",
            "instance_state": "running",
            "instance_type": "t2.micro",
            "ipv6_address_count": 0,
            "ipv6_addresses": [],
            "key_name": "IaC-DEV",
            "launch_template": [],
            "metadata_options": [
              {
                "http_endpoint": "enabled",
                "http_put_response_hop_limit": 1,
                "http_tokens": "optional",
                "instance_metadata_tags": "disabled"
              }
            ],
            "monitoring": false,
            "network_interface": [],
            "outpost_arn": "",
            "password_data": "",
            "placement_group": "",
            "placement_partition_number": null,
            "primary_network_interface_id": "eni-0736f0615017ab3db",
            "private_dns": "ip-172-31-18-173.us-west-2.compute.internal",
            "private_ip": "172.31.18.173",
            "public_dns": "ec2-34-222-123-149.us-west-2.compute.amazonaws.com",
            "public_ip": "34.222.123.149",
            "root_block_device": [
              {
                "delete_on_termination": true,
                "device_name": "/dev/sda1",
                "encrypted": false,
                "iops": 100,
                "kms_key_id": "",
                "tags": {},
                "throughput": 0,
                "volume_id": "vol-081e6e2bc0ae6a213",
                "volume_size": 8,
                "volume_type": "gp2"
              }
            ],
            "secondary_private_ips": [],
            "security_groups": [
              "default"
            ],
            "source_dest_check": true,
            "subnet_id": "subnet-088691b9924ac5b68",
            "tags": {
              "Name": "Terraform Ansible Python"
            },
            "tags_all": {
              "Name": "Terraform Ansible Python"
            },
            "tenancy": "default",
            "timeouts": null,
            "user_data": null,
            "user_data_base64": null,
            "volume_tags": null,
            "vpc_security_group_ids": [
              "sg-0947d40a56ba81c48"
            ]
          },
          "sensitive_attributes": [],
          "private": "eyJlMmJmYjczMC1lY2FhLTExZTYtOGY4OC0zNDM2M2JjN2M0YzAiOnsiY3JlYXRlIjo2MDAwMDAwMDAwMDAsImRlbGV0ZSI6MTIwMDAwMDAwMDAwMCwidXBkYXRlIjo2MDAwMDAwMDAwMDB9LCJzY2hlbWFfdmVyc2lvbiI6IjEifQ=="
        }
      ]
    },
    {
      "module": "module.aws-dev",
      "mode": "managed",
      "type": "aws_key_pair",
      "name": "chaveSSH",
      "provider": "module.aws-dev.provider[\"registry.terraform.io/hashicorp/aws\"]",
      "instances": [
        {
          "schema_version": 1,
          "attributes": {
            "arn": "arn:aws:ec2:us-west-2:938263039623:key-pair/IaC-DEV",
            "fingerprint": "c8:1c:60:6a:df:fb:30:e8:4b:fb:44:97:db:dc:2e:e8",
            "id": "IaC-DEV",
            "key_name": "IaC-DEV",
            "key_name_prefix": "",
            "key_pair_id": "key-0b3d76ad824ee92b6",
            "public_key": "ssh-rsa AAAAB3NzaC1yc2EAAAADAQABAAABgQDEIklcT5HR0wNUwRAv9/1fmP4q7xp6WprtwcTTIEbksE9ASQMMMWoyXtVUML4r0aNxqgXjUgpNnAvvQUBGjogMFVCjsQdy0SXq0S/YArJ0dnp8F7BOmVbZYhAEm9IrMV9SoNEn+QMWvDAsymhbT9zr/4Ra0DVeSIq0Q5D7Epz+hJuTfBnB5jTlFUH2jBUtTw+lil60Hs68IC1Jq4bvwIVzzT6ezuRQJJ+i+YL30BPdI1np5h40JNl0jTSpEqVhJMu1cGWBJ23OXIrg/+fKzd32MzaE0SXOSjKCXdMB5kgt473Brw4wpgbduR8jTsgstLLe8RG5IDAfXQ8RWOMxC/q+6hQP4hGKzZid3QKBEu6wY7u5nYbxqdI2MLZ8T3arWLs6KDrj9PKqruqKG7YvMaY1uflk+XIUX0midyoTaHvYRV5CHuVN/NEqev7Ln3XQhRthKhBTUL/8hY+i63hvkuAO058cmNEdAPelirtLZ/cWc5aROKqKTv43V7vHg8/bCMc= root@DESKTOP-62NPBPI",
            "tags": null,
            "tags_all": {}
          },
          "sensitive_attributes": [],
          "private": "eyJzY2hlbWFfdmVyc2lvbiI6IjEifQ=="
        }
      ]
    },
    {
      "module": "module.aws-dev",
      "mode": "managed",
      "type": "aws_security_group",
      "name": "acesso_geral",
      "provider": "module.aws-dev.provider[\"registry.terraform.io/hashicorp/aws\"]",
      "instances": [
        {
          "schema_version": 1,
          "attributes": {
            "arn": "arn:aws:ec2:us-west-2:938263039623:security-group/sg-0588b856b7ad65bb2",
            "description": "grupo do Dev",
            "egress": [
              {
                "cidr_blocks": [
                  "0.0.0.0/0"
                ],
                "description": "",
                "from_port": 0,
                "ipv6_cidr_blocks": [
                  "::/0"
                ],
                "prefix_list_ids": [],
                "protocol": "-1",
                "security_groups": [],
                "self": false,
                "to_port": 0
              }
            ],
            "id": "sg-0588b856b7ad65bb2",
            "ingress": [
              {
                "cidr_blocks": [
                  "0.0.0.0/0"
                ],
                "description": "",
                "from_port": 0,
                "ipv6_cidr_blocks": [
                  "::/0"
                ],
                "prefix_list_ids": [],
                "protocol": "-1",
                "security_groups": [],
                "self": false,
                "to_port": 0
              }
            ],
            "name": "acesso_geral",
            "name_prefix": "",
            "owner_id": "938263039623",
            "revoke_rules_on_delete": false,
            "tags": {
              "Name": "acesso_geral"
            },
            "tags_all": {
              "Name": "acesso_geral"
            },
            "timeouts": null,
            "vpc_id": "vpc-012991c3c3b2a6b60"
          },
          "sensitive_attributes": [],
          "private": "eyJlMmJmYjczMC1lY2FhLTExZTYtOGY4OC0zNDM2M2JjN2M0YzAiOnsiY3JlYXRlIjo2MDAwMDAwMDAwMDAsImRlbGV0ZSI6OTAwMDAwMDAwMDAwfSwic2NoZW1hX3ZlcnNpb24iOiIxIn0="
        }
      ]
    }
  ],
  "check_results": null
}
