{
  "version": 4,
  "terraform_version": "1.5.2",
  "serial": 4,
  "lineage": "eb0f5928-4e08-d80a-b41f-1d7c11e5f989",
  "outputs": {
    "IP": {
      "value": "34.219.142.139",
      "type": "string"
    }
  },
  "resources": [
    {
      "module": "module.aws-prod",
      "mode": "managed",
      "type": "aws_instance",
      "name": "app_server",
      "provider": "module.aws-prod.provider[\"registry.terraform.io/hashicorp/aws\"]",
      "instances": [
        {
          "schema_version": 1,
          "attributes": {
            "ami": "ami-03d5c68bab01f3496",
            "arn": "arn:aws:ec2:us-west-2:938263039623:instance/i-0c6b9265ee361fe86",
            "associate_public_ip_address": true,
            "availability_zone": "us-west-2a",
            "capacity_reservation_specification": [
              {
                "capacity_reservation_preference": "open",
                "capacity_reservation_target": []
              }
            ],
            "cpu_core_count": 1,
            "cpu_threads_per_core": 1,
            "credit_specification": [
              {
                "cpu_credits": "standard"
              }
            ],
            "disable_api_termination": false,
            "ebs_block_device": [],
            "ebs_optimized": false,
            "enclave_options": [
              {
                "enabled": false
              }
            ],
            "ephemeral_block_device": [],
            "get_password_data": false,
            "hibernation": false,
            "host_id": null,
            "iam_instance_profile": "",
            "id": "i-0c6b9265ee361fe86",
            "instance_initiated_shutdown_behavior": "stop",
            "instance_state": "running",
            "instance_type": "t2.micro",
            "ipv6_address_count": 0,
            "ipv6_addresses": [],
            "key_name": "IaC-Prod",
            "launch_template": [],
            "metadata_options": [
              {
                "http_endpoint": "enabled",
                "http_put_response_hop_limit": 1,
                "http_tokens": "optional",
                "instance_metadata_tags": "disabled"
              }
            ],
            "monitoring": false,
            "network_interface": [],
            "outpost_arn": "",
            "password_data": "",
            "placement_group": "",
            "placement_partition_number": null,
            "primary_network_interface_id": "eni-063fc32796950eda1",
            "private_dns": "ip-172-31-19-98.us-west-2.compute.internal",
            "private_ip": "172.31.19.98",
            "public_dns": "ec2-34-219-142-139.us-west-2.compute.amazonaws.com",
            "public_ip": "34.219.142.139",
            "root_block_device": [
              {
                "delete_on_termination": true,
                "device_name": "/dev/sda1",
                "encrypted": false,
                "iops": 100,
                "kms_key_id": "",
                "tags": {},
                "throughput": 0,
                "volume_id": "vol-0a1f0153502f6fd60",
                "volume_size": 8,
                "volume_type": "gp2"
              }
            ],
            "secondary_private_ips": [],
            "security_groups": [
              "default"
            ],
            "source_dest_check": true,
            "subnet_id": "subnet-088691b9924ac5b68",
            "tags": {
              "Name": "Terraform Ansible Python"
            },
            "tags_all": {
              "Name": "Terraform Ansible Python"
            },
            "tenancy": "default",
            "timeouts": null,
            "user_data": null,
            "user_data_base64": null,
            "volume_tags": null,
            "vpc_security_group_ids": [
              "sg-0947d40a56ba81c48"
            ]
          },
          "sensitive_attributes": [],
          "private": "eyJlMmJmYjczMC1lY2FhLTExZTYtOGY4OC0zNDM2M2JjN2M0YzAiOnsiY3JlYXRlIjo2MDAwMDAwMDAwMDAsImRlbGV0ZSI6MTIwMDAwMDAwMDAwMCwidXBkYXRlIjo2MDAwMDAwMDAwMDB9LCJzY2hlbWFfdmVyc2lvbiI6IjEifQ=="
        }
      ]
    },
    {
      "module": "module.aws-prod",
      "mode": "managed",
      "type": "aws_key_pair",
      "name": "chaveSSH",
      "provider": "module.aws-prod.provider[\"registry.terraform.io/hashicorp/aws\"]",
      "instances": [
        {
          "schema_version": 1,
          "attributes": {
            "arn": "arn:aws:ec2:us-west-2:938263039623:key-pair/IaC-Prod",
            "fingerprint": "e9:41:2a:4f:0b:96:59:cd:66:15:51:a3:58:80:2d:25",
            "id": "IaC-Prod",
            "key_name": "IaC-Prod",
            "key_name_prefix": "",
            "key_pair_id": "key-0a3024db58538259a",
            "public_key": "ssh-rsa AAAAB3NzaC1yc2EAAAADAQABAAABgQCuUH3ixaMU3Xe/+2vbiLU+1Ku5+J+BQUezWUETMZZdOoFPwe3jdMioeryf9Mgcm2VZI5WrC/TF3vbKDNCa9MHEMsLFL4nMZPYvh9nNO3+0+07hcosAKjBTCsnktX98kcIZpNezwr7nENhEsXsT+XGNmWnmhgIdUbthAoMMzUQqkZlANUgSeCiLuKg9GiN10He90hV7c8N/U7Dym4ZzT1Wtp3H0FFa0Wj8REVaey/XzLTdeRbRTWbHNGVPxPSSrpXvUGRYGXJC594ZQLp1Jqi8v1M2iVk/z+F0u+4KatrakrO+CO23t5nsmo2HlYYfawBZ5JqOJmj8bW28KvngI9284BavXTVcDx8X8A51rdFyzW5rjf0utey5ICNKze72G4bSHt1ZF78GtRUqlJrYWE35zE5jGd2UqmA1SAbu2QNLMg9ggQ1dWUmmkDt7bPoU49/KHdj1CG72UbOffV0BJukS8JocBKlLoc/WYufp70vIqEK8KrASGGReSWjhjutirvGU= root@DESKTOP-62NPBPI",
            "tags": null,
            "tags_all": {}
          },
          "sensitive_attributes": [],
          "private": "eyJzY2hlbWFfdmVyc2lvbiI6IjEifQ=="
        }
      ]
    }
  ],
  "check_results": null
}
